{
  "nodes": {
    "ddlc-palette": {
      "inputs": {
        "nixpkgs": [
          "nixpkgs"
        ]
      },
      "locked": {
        "lastModified": 1786536637,
        "narHash": "sha256-bhE6/zbxgOfTIBkvblNruxcuzHCRQDP4TM41epn2f5k=",
        "owner": "rokokol",
        "repo": "ddlc-palette",
        "rev": "96dabe6daf44814a9954e9b5edbe33250c8f86ee",
        "type": "github"
      },
      "original": {
        "owner": "rokokol",
        "repo": "ddlc-palette",
        "type": "github"
      }
    },
    "nixpkgs": {
      "locked": {
        "lastModified": 1786384358,
        "narHash": "sha256-RzPPiWeUtuvymnpuEWsdtzli5w4kjZs49FqEs3/1u+I=",
        "owner": "NixOS",
        "repo": "nixpkgs",
        "rev": "2fcb964de67fcf60b43471c55d5d99e61a9ccb5a",
        "type": "github"
      },
      "original": {
        "owner": "NixOS",
        "ref": "nixos-unstable",
        "repo": "nixpkgs",
        "type": "github"
      }
    },
    "root": {
      "inputs": {
        "ddlc-palette": "ddlc-palette",
        "nixpkgs": "nixpkgs"
      }
    }
  },
  "root": "root",
  "version": 7
}
